// !$*UTF8*$!
{
	archiveVersion = 1;
	classes = {
	};
	objectVersion = 55;
	objects = {

/* Begin PBXBuildFile section */
		758F149307E176AEE2C3A5A2 /* Pods_SobeDesce.framework in Frameworks */ = {isa = PBXBuildFile; fileRef = AB8ABF6BA50ED44CC7E2502F /* Pods_SobeDesce.framework */; };
		910654522970AF7700CB6B70 /* CostTableViewCell.swift in Sources */ = {isa = PBXBuildFile; fileRef = 910654502970AF7700CB6B70 /* CostTableViewCell.swift */; };
		910654532970AF7700CB6B70 /* CostTableViewCell.xib in Resources */ = {isa = PBXBuildFile; fileRef = 910654512970AF7700CB6B70 /* CostTableViewCell.xib */; };
		911AF7ED2953C66300EFF2B6 /* AppDelegate.swift in Sources */ = {isa = PBXBuildFile; fileRef = 911AF7EC2953C66300EFF2B6 /* AppDelegate.swift */; };
		911AF7EF2953C66300EFF2B6 /* SceneDelegate.swift in Sources */ = {isa = PBXBuildFile; fileRef = 911AF7EE2953C66300EFF2B6 /* SceneDelegate.swift */; };
		911AF7F12953C66300EFF2B6 /* ViewController.swift in Sources */ = {isa = PBXBuildFile; fileRef = 911AF7F02953C66300EFF2B6 /* ViewController.swift */; };
		911AF7F42953C66300EFF2B6 /* Main.storyboard in Resources */ = {isa = PBXBuildFile; fileRef = 911AF7F22953C66300EFF2B6 /* Main.storyboard */; };
		911AF7F72953C66300EFF2B6 /* SobeDesce.xcdatamodeld in Sources */ = {isa = PBXBuildFile; fileRef = 911AF7F52953C66300EFF2B6 /* SobeDesce.xcdatamodeld */; };
		911AF7F92953C66500EFF2B6 /* Assets.xcassets in Resources */ = {isa = PBXBuildFile; fileRef = 911AF7F82953C66500EFF2B6 /* Assets.xcassets */; };
		911AF7FC2953C66500EFF2B6 /* LaunchScreen.storyboard in Resources */ = {isa = PBXBuildFile; fileRef = 911AF7FA2953C66500EFF2B6 /* LaunchScreen.storyboard */; };
		911AF8052953CD6400EFF2B6 /* PointsCell.swift in Sources */ = {isa = PBXBuildFile; fileRef = 911AF8032953CD6400EFF2B6 /* PointsCell.swift */; };
		911AF8062953CD6400EFF2B6 /* PointsCell.xib in Resources */ = {isa = PBXBuildFile; fileRef = 911AF8042953CD6400EFF2B6 /* PointsCell.xib */; };
		9124B0AA29645D3E00BA4AEE /* WinnerViewController.swift in Sources */ = {isa = PBXBuildFile; fileRef = 9124B0A929645D3E00BA4AEE /* WinnerViewController.swift */; };
		9124B0AC2964F04200BA4AEE /* Player.swift in Sources */ = {isa = PBXBuildFile; fileRef = 9124B0AB2964F04200BA4AEE /* Player.swift */; };
		9124B0AE2968BF7E00BA4AEE /* PlayerScoreField.swift in Sources */ = {isa = PBXBuildFile; fileRef = 9124B0AD2968BF7E00BA4AEE /* PlayerScoreField.swift */; };
		9124B0B02968C00C00BA4AEE /* PlayerScoreField.xib in Resources */ = {isa = PBXBuildFile; fileRef = 9124B0AF2968C00C00BA4AEE /* PlayerScoreField.xib */; };
		91993A15295E234400EAC59B /* ScoreViewController.swift in Sources */ = {isa = PBXBuildFile; fileRef = 91993A14295E234400EAC59B /* ScoreViewController.swift */; };
		91993A17295E38FF00EAC59B /* icons8-skull-heart-96.png in Resources */ = {isa = PBXBuildFile; fileRef = 91993A16295E38FF00EAC59B /* icons8-skull-heart-96.png */; };
		91993A19295F619100EAC59B /* HomeViewController.swift in Sources */ = {isa = PBXBuildFile; fileRef = 91993A18295F619100EAC59B /* HomeViewController.swift */; };
		91E2D6AF29562E0800027F90 /* PointsCollectionViewCell.swift in Sources */ = {isa = PBXBuildFile; fileRef = 91E2D6AD29562E0800027F90 /* PointsCollectionViewCell.swift */; };
		91E2D6B029562E0800027F90 /* PointsCollectionViewCell.xib in Resources */ = {isa = PBXBuildFile; fileRef = 91E2D6AE29562E0800027F90 /* PointsCollectionViewCell.xib */; };
		CE6561072A73C16E009393FA /* myColors.swift in Sources */ = {isa = PBXBuildFile; fileRef = CE6561062A73C16E009393FA /* myColors.swift */; };
		CE6561092A75ADAD009393FA /* Trunfos.swift in Sources */ = {isa = PBXBuildFile; fileRef = CE6561082A75ADAD009393FA /* Trunfos.swift */; };
		CE87392A2A6EC3FD00EA937D /* PlayerSavedGameTableViewCell.swift in Sources */ = {isa = PBXBuildFile; fileRef = CE8739282A6EC3FD00EA937D /* PlayerSavedGameTableViewCell.swift */; };
		CE87392B2A6EC3FD00EA937D /* PlayerSavedGameTableViewCell.xib in Resources */ = {isa = PBXBuildFile; fileRef = CE8739292A6EC3FD00EA937D /* PlayerSavedGameTableViewCell.xib */; };
		CE89C62F2A6940CE0000C5BB /* SavedGamesViewController.swift in Sources */ = {isa = PBXBuildFile; fileRef = CE89C62E2A6940CE0000C5BB /* SavedGamesViewController.swift */; };
		CE89C6322A694DEF0000C5BB /* SaveGameCell.swift in Sources */ = {isa = PBXBuildFile; fileRef = CE89C6302A694DEF0000C5BB /* SaveGameCell.swift */; };
		CE89C6332A694DEF0000C5BB /* SaveGameCell.xib in Resources */ = {isa = PBXBuildFile; fileRef = CE89C6312A694DEF0000C5BB /* SaveGameCell.xib */; };
		CE89C6352A69D18F0000C5BB /* CoreDataManager.swift in Sources */ = {isa = PBXBuildFile; fileRef = CE89C6342A69D18F0000C5BB /* CoreDataManager.swift */; };
		CEA649902A82BAC20025C5F8 /* animation_ll2lyl9k.json in Resources */ = {isa = PBXBuildFile; fileRef = CEA6498F2A82BAC20025C5F8 /* animation_ll2lyl9k.json */; };
/* End PBXBuildFile section */

/* Begin PBXFileReference section */
		27B3D91ECFC19EE83A58994B /* Pods-SobeDesce.release.xcconfig */ = {isa = PBXFileReference; includeInIndex = 1; lastKnownFileType = text.xcconfig; name = "Pods-SobeDesce.release.xcconfig"; path = "Target Support Files/Pods-SobeDesce/Pods-SobeDesce.release.xcconfig"; sourceTree = "<group>"; };
		910654502970AF7700CB6B70 /* CostTableViewCell.swift */ = {isa = PBXFileReference; lastKnownFileType = sourcecode.swift; path = CostTableViewCell.swift; sourceTree = "<group>"; };
		910654512970AF7700CB6B70 /* CostTableViewCell.xib */ = {isa = PBXFileReference; lastKnownFileType = file.xib; path = CostTableViewCell.xib; sourceTree = "<group>"; };
		911AF7E92953C66300EFF2B6 /* SobeDesce.app */ = {isa = PBXFileReference; explicitFileType = wrapper.application; includeInIndex = 0; path = SobeDesce.app; sourceTree = BUILT_PRODUCTS_DIR; };
		911AF7EC2953C66300EFF2B6 /* AppDelegate.swift */ = {isa = PBXFileReference; lastKnownFileType = sourcecode.swift; path = AppDelegate.swift; sourceTree = "<group>"; };
		911AF7EE2953C66300EFF2B6 /* SceneDelegate.swift */ = {isa = PBXFileReference; lastKnownFileType = sourcecode.swift; path = SceneDelegate.swift; sourceTree = "<group>"; };
		911AF7F02953C66300EFF2B6 /* ViewController.swift */ = {isa = PBXFileReference; lastKnownFileType = sourcecode.swift; path = ViewController.swift; sourceTree = "<group>"; };
		911AF7F32953C66300EFF2B6 /* Base */ = {isa = PBXFileReference; lastKnownFileType = file.storyboard; name = Base; path = Base.lproj/Main.storyboard; sourceTree = "<group>"; };
		911AF7F62953C66300EFF2B6 /* SobeDesce.xcdatamodel */ = {isa = PBXFileReference; lastKnownFileType = wrapper.xcdatamodel; path = SobeDesce.xcdatamodel; sourceTree = "<group>"; };
		911AF7F82953C66500EFF2B6 /* Assets.xcassets */ = {isa = PBXFileReference; lastKnownFileType = folder.assetcatalog; path = Assets.xcassets; sourceTree = "<group>"; };
		911AF7FB2953C66500EFF2B6 /* Base */ = {isa = PBXFileReference; lastKnownFileType = file.storyboard; name = Base; path = Base.lproj/LaunchScreen.storyboard; sourceTree = "<group>"; };
		911AF7FD2953C66500EFF2B6 /* Info.plist */ = {isa = PBXFileReference; lastKnownFileType = text.plist.xml; path = Info.plist; sourceTree = "<group>"; };
		911AF8032953CD6400EFF2B6 /* PointsCell.swift */ = {isa = PBXFileReference; lastKnownFileType = sourcecode.swift; path = PointsCell.swift; sourceTree = "<group>"; };
		911AF8042953CD6400EFF2B6 /* PointsCell.xib */ = {isa = PBXFileReference; lastKnownFileType = file.xib; path = PointsCell.xib; sourceTree = "<group>"; };
		9124B0A929645D3E00BA4AEE /* WinnerViewController.swift */ = {isa = PBXFileReference; lastKnownFileType = sourcecode.swift; path = WinnerViewController.swift; sourceTree = "<group>"; };
		9124B0AB2964F04200BA4AEE /* Player.swift */ = {isa = PBXFileReference; lastKnownFileType = sourcecode.swift; path = Player.swift; sourceTree = "<group>"; };
		9124B0AD2968BF7E00BA4AEE /* PlayerScoreField.swift */ = {isa = PBXFileReference; lastKnownFileType = sourcecode.swift; path = PlayerScoreField.swift; sourceTree = "<group>"; };
		9124B0AF2968C00C00BA4AEE /* PlayerScoreField.xib */ = {isa = PBXFileReference; lastKnownFileType = file.xib; path = PlayerScoreField.xib; sourceTree = "<group>"; };
		91993A14295E234400EAC59B /* ScoreViewController.swift */ = {isa = PBXFileReference; lastKnownFileType = sourcecode.swift; path = ScoreViewController.swift; sourceTree = "<group>"; };
		91993A16295E38FF00EAC59B /* icons8-skull-heart-96.png */ = {isa = PBXFileReference; lastKnownFileType = image.png; path = "icons8-skull-heart-96.png"; sourceTree = "<group>"; };
		91993A18295F619100EAC59B /* HomeViewController.swift */ = {isa = PBXFileReference; lastKnownFileType = sourcecode.swift; path = HomeViewController.swift; sourceTree = "<group>"; };
		91E2D6AD29562E0800027F90 /* PointsCollectionViewCell.swift */ = {isa = PBXFileReference; lastKnownFileType = sourcecode.swift; path = PointsCollectionViewCell.swift; sourceTree = "<group>"; };
		91E2D6AE29562E0800027F90 /* PointsCollectionViewCell.xib */ = {isa = PBXFileReference; lastKnownFileType = file.xib; path = PointsCollectionViewCell.xib; sourceTree = "<group>"; };
		AB8ABF6BA50ED44CC7E2502F /* Pods_SobeDesce.framework */ = {isa = PBXFileReference; explicitFileType = wrapper.framework; includeInIndex = 0; path = Pods_SobeDesce.framework; sourceTree = BUILT_PRODUCTS_DIR; };
		B14436411AC06D47D8AF7518 /* Pods-SobeDesce.debug.xcconfig */ = {isa = PBXFileReference; includeInIndex = 1; lastKnownFileType = text.xcconfig; name = "Pods-SobeDesce.debug.xcconfig"; path = "Target Support Files/Pods-SobeDesce/Pods-SobeDesce.debug.xcconfig"; sourceTree = "<group>"; };
		CE6561062A73C16E009393FA /* myColors.swift */ = {isa = PBXFileReference; lastKnownFileType = sourcecode.swift; path = myColors.swift; sourceTree = "<group>"; };
		CE6561082A75ADAD009393FA /* Trunfos.swift */ = {isa = PBXFileReference; lastKnownFileType = sourcecode.swift; path = Trunfos.swift; sourceTree = "<group>"; };
		CE8739282A6EC3FD00EA937D /* PlayerSavedGameTableViewCell.swift */ = {isa = PBXFileReference; lastKnownFileType = sourcecode.swift; path = PlayerSavedGameTableViewCell.swift; sourceTree = "<group>"; };
		CE8739292A6EC3FD00EA937D /* PlayerSavedGameTableViewCell.xib */ = {isa = PBXFileReference; lastKnownFileType = file.xib; path = PlayerSavedGameTableViewCell.xib; sourceTree = "<group>"; };
		CE89C62E2A6940CE0000C5BB /* SavedGamesViewController.swift */ = {isa = PBXFileReference; lastKnownFileType = sourcecode.swift; path = SavedGamesViewController.swift; sourceTree = "<group>"; };
		CE89C6302A694DEF0000C5BB /* SaveGameCell.swift */ = {isa = PBXFileReference; lastKnownFileType = sourcecode.swift; path = SaveGameCell.swift; sourceTree = "<group>"; };
		CE89C6312A694DEF0000C5BB /* SaveGameCell.xib */ = {isa = PBXFileReference; lastKnownFileType = file.xib; path = SaveGameCell.xib; sourceTree = "<group>"; };
		CE89C6342A69D18F0000C5BB /* CoreDataManager.swift */ = {isa = PBXFileReference; lastKnownFileType = sourcecode.swift; path = CoreDataManager.swift; sourceTree = "<group>"; };
		CEA6498F2A82BAC20025C5F8 /* animation_ll2lyl9k.json */ = {isa = PBXFileReference; fileEncoding = 4; lastKnownFileType = text.json; path = animation_ll2lyl9k.json; sourceTree = "<group>"; };
/* End PBXFileReference section */

/* Begin PBXFrameworksBuildPhase section */
		911AF7E62953C66300EFF2B6 /* Frameworks */ = {
			isa = PBXFrameworksBuildPhase;
			buildActionMask = 2147483647;
			files = (
				758F149307E176AEE2C3A5A2 /* Pods_SobeDesce.framework in Frameworks */,
			);
			runOnlyForDeploymentPostprocessing = 0;
		};
/* End PBXFrameworksBuildPhase section */

/* Begin PBXGroup section */
		911AF7E02953C66300EFF2B6 = {
			isa = PBXGroup;
			children = (
				911AF7EB2953C66300EFF2B6 /* SobeDesce */,
				911AF7EA2953C66300EFF2B6 /* Products */,
				EF6AEFEB1960A9980C4A436A /* Pods */,
				B6265DECC4C31CCFBA6BC398 /* Frameworks */,
			);
			sourceTree = "<group>";
		};
		911AF7EA2953C66300EFF2B6 /* Products */ = {
			isa = PBXGroup;
			children = (
				911AF7E92953C66300EFF2B6 /* SobeDesce.app */,
			);
			name = Products;
			sourceTree = "<group>";
		};
		911AF7EB2953C66300EFF2B6 /* SobeDesce */ = {
			isa = PBXGroup;
			children = (
				CE479E692A7051E300CE26D9 /* Models */,
				CE479E682A7051BD00CE26D9 /* views */,
				91E2D6AC29562DD000027F90 /* cells */,
				911AF7EC2953C66300EFF2B6 /* AppDelegate.swift */,
				911AF7EE2953C66300EFF2B6 /* SceneDelegate.swift */,
				911AF7F22953C66300EFF2B6 /* Main.storyboard */,
				911AF7F82953C66500EFF2B6 /* Assets.xcassets */,
				911AF7FA2953C66500EFF2B6 /* LaunchScreen.storyboard */,
				911AF7FD2953C66500EFF2B6 /* Info.plist */,
				91993A16295E38FF00EAC59B /* icons8-skull-heart-96.png */,
			);
			path = SobeDesce;
			sourceTree = "<group>";
		};
		91E2D6AC29562DD000027F90 /* cells */ = {
			isa = PBXGroup;
			children = (
				CEA6498F2A82BAC20025C5F8 /* animation_ll2lyl9k.json */,
				CE479E6A2A70530700CE26D9 /* ssavedGame */,
				9124B0AF2968C00C00BA4AEE /* PlayerScoreField.xib */,
				9124B0AD2968BF7E00BA4AEE /* PlayerScoreField.swift */,
				911AF8032953CD6400EFF2B6 /* PointsCell.swift */,
				911AF8042953CD6400EFF2B6 /* PointsCell.xib */,
				91E2D6AD29562E0800027F90 /* PointsCollectionViewCell.swift */,
				91E2D6AE29562E0800027F90 /* PointsCollectionViewCell.xib */,
				910654502970AF7700CB6B70 /* CostTableViewCell.swift */,
				910654512970AF7700CB6B70 /* CostTableViewCell.xib */,
			);
			path = cells;
			sourceTree = "<group>";
		};
		B6265DECC4C31CCFBA6BC398 /* Frameworks */ = {
			isa = PBXGroup;
			children = (
				AB8ABF6BA50ED44CC7E2502F /* Pods_SobeDesce.framework */,
			);
			name = Frameworks;
			sourceTree = "<group>";
		};
		CE479E682A7051BD00CE26D9 /* views */ = {
			isa = PBXGroup;
			children = (
				911AF7F02953C66300EFF2B6 /* ViewController.swift */,
				91993A14295E234400EAC59B /* ScoreViewController.swift */,
				91993A18295F619100EAC59B /* HomeViewController.swift */,
				9124B0A929645D3E00BA4AEE /* WinnerViewController.swift */,
				CE89C62E2A6940CE0000C5BB /* SavedGamesViewController.swift */,
			);
			path = views;
			sourceTree = "<group>";
		};
		CE479E692A7051E300CE26D9 /* Models */ = {
			isa = PBXGroup;
			children = (
				911AF7F52953C66300EFF2B6 /* SobeDesce.xcdatamodeld */,
				9124B0AB2964F04200BA4AEE /* Player.swift */,
				CE89C6342A69D18F0000C5BB /* CoreDataManager.swift */,
				CE6561062A73C16E009393FA /* myColors.swift */,
				CE6561082A75ADAD009393FA /* Trunfos.swift */,
			);
			path = Models;
			sourceTree = "<group>";
		};
		CE479E6A2A70530700CE26D9 /* ssavedGame */ = {
			isa = PBXGroup;
			children = (
				CE8739292A6EC3FD00EA937D /* PlayerSavedGameTableViewCell.xib */,
				CE8739282A6EC3FD00EA937D /* PlayerSavedGameTableViewCell.swift */,
				CE89C6302A694DEF0000C5BB /* SaveGameCell.swift */,
				CE89C6312A694DEF0000C5BB /* SaveGameCell.xib */,
			);
			path = ssavedGame;
			sourceTree = "<group>";
		};
		EF6AEFEB1960A9980C4A436A /* Pods */ = {
			isa = PBXGroup;
			children = (
				B14436411AC06D47D8AF7518 /* Pods-SobeDesce.debug.xcconfig */,
				27B3D91ECFC19EE83A58994B /* Pods-SobeDesce.release.xcconfig */,
			);
			path = Pods;
			sourceTree = "<group>";
		};
/* End PBXGroup section */

/* Begin PBXNativeTarget section */
		911AF7E82953C66300EFF2B6 /* SobeDesce */ = {
			isa = PBXNativeTarget;
			buildConfigurationList = 911AF8002953C66500EFF2B6 /* Build configuration list for PBXNativeTarget "SobeDesce" */;
			buildPhases = (
				1F83F4E0F454D16C210F0B98 /* [CP] Check Pods Manifest.lock */,
				911AF7E52953C66300EFF2B6 /* Sources */,
				911AF7E62953C66300EFF2B6 /* Frameworks */,
				911AF7E72953C66300EFF2B6 /* Resources */,
				F3445D6778DBD8D0D492841B /* [CP] Embed Pods Frameworks */,
			);
			buildRules = (
			);
			dependencies = (
			);
			name = SobeDesce;
			productName = SobeDesce;
			productReference = 911AF7E92953C66300EFF2B6 /* SobeDesce.app */;
			productType = "com.apple.product-type.application";
		};
/* End PBXNativeTarget section */

/* Begin PBXProject section */
		911AF7E12953C66300EFF2B6 /* Project object */ = {
			isa = PBXProject;
			attributes = {
				BuildIndependentTargetsInParallel = 1;
				LastSwiftUpdateCheck = 1340;
				LastUpgradeCheck = 1340;
				TargetAttributes = {
					911AF7E82953C66300EFF2B6 = {
						CreatedOnToolsVersion = 13.4;
					};
				};
			};
			buildConfigurationList = 911AF7E42953C66300EFF2B6 /* Build configuration list for PBXProject "SobeDesce" */;
			compatibilityVersion = "Xcode 13.0";
			developmentRegion = en;
			hasScannedForEncodings = 0;
			knownRegions = (
				en,
				Base,
			);
			mainGroup = 911AF7E02953C66300EFF2B6;
			productRefGroup = 911AF7EA2953C66300EFF2B6 /* Products */;
			projectDirPath = "";
			projectRoot = "";
			targets = (
				911AF7E82953C66300EFF2B6 /* SobeDesce */,
			);
		};
/* End PBXProject section */

/* Begin PBXResourcesBuildPhase section */
		911AF7E72953C66300EFF2B6 /* Resources */ = {
			isa = PBXResourcesBuildPhase;
			buildActionMask = 2147483647;
			files = (
				911AF8062953CD6400EFF2B6 /* PointsCell.xib in Resources */,
				91993A17295E38FF00EAC59B /* icons8-skull-heart-96.png in Resources */,
				CE89C6332A694DEF0000C5BB /* SaveGameCell.xib in Resources */,
				910654532970AF7700CB6B70 /* CostTableViewCell.xib in Resources */,
				91E2D6B029562E0800027F90 /* PointsCollectionViewCell.xib in Resources */,
				9124B0B02968C00C00BA4AEE /* PlayerScoreField.xib in Resources */,
				CE87392B2A6EC3FD00EA937D /* PlayerSavedGameTableViewCell.xib in Resources */,
				911AF7FC2953C66500EFF2B6 /* LaunchScreen.storyboard in Resources */,
				CEA649902A82BAC20025C5F8 /* animation_ll2lyl9k.json in Resources */,
				911AF7F92953C66500EFF2B6 /* Assets.xcassets in Resources */,
				911AF7F42953C66300EFF2B6 /* Main.storyboard in Resources */,
			);
			runOnlyForDeploymentPostprocessing = 0;
		};
/* End PBXResourcesBuildPhase section */

/* Begin PBXShellScriptBuildPhase section */
		1F83F4E0F454D16C210F0B98 /* [CP] Check Pods Manifest.lock */ = {
			isa = PBXShellScriptBuildPhase;
			buildActionMask = 2147483647;
			files = (
			);
			inputFileListPaths = (
			);
			inputPaths = (
				"${PODS_PODFILE_DIR_PATH}/Podfile.lock",
				"${PODS_ROOT}/Manifest.lock",
			);
			name = "[CP] Check Pods Manifest.lock";
			outputFileListPaths = (
			);
			outputPaths = (
				"$(DERIVED_FILE_DIR)/Pods-SobeDesce-checkManifestLockResult.txt",
			);
			runOnlyForDeploymentPostprocessing = 0;
			shellPath = /bin/sh;
			shellScript = "diff \"${PODS_PODFILE_DIR_PATH}/Podfile.lock\" \"${PODS_ROOT}/Manifest.lock\" > /dev/null\nif [ $? != 0 ] ; then\n    # print error to STDERR\n    echo \"error: The sandbox is not in sync with the Podfile.lock. Run 'pod install' or update your CocoaPods installation.\" >&2\n    exit 1\nfi\n# This output is used by Xcode 'outputs' to avoid re-running this script phase.\necho \"SUCCESS\" > \"${SCRIPT_OUTPUT_FILE_0}\"\n";
			showEnvVarsInLog = 0;
		};
		F3445D6778DBD8D0D492841B /* [CP] Embed Pods Frameworks */ = {
			isa = PBXShellScriptBuildPhase;
			buildActionMask = 2147483647;
			files = (
			);
			inputFileListPaths = (
				"${PODS_ROOT}/Target Support Files/Pods-SobeDesce/Pods-SobeDesce-frameworks-${CONFIGURATION}-input-files.xcfilelist",
			);
			name = "[CP] Embed Pods Frameworks";
			outputFileListPaths = (
				"${PODS_ROOT}/Target Support Files/Pods-SobeDesce/Pods-SobeDesce-frameworks-${CONFIGURATION}-output-files.xcfilelist",
			);
			runOnlyForDeploymentPostprocessing = 0;
			shellPath = /bin/sh;
			shellScript = "\"${PODS_ROOT}/Target Support Files/Pods-SobeDesce/Pods-SobeDesce-frameworks.sh\"\n";
			showEnvVarsInLog = 0;
		};
/* End PBXShellScriptBuildPhase section */

/* Begin PBXSourcesBuildPhase section */
		911AF7E52953C66300EFF2B6 /* Sources */ = {
			isa = PBXSourcesBuildPhase;
			buildActionMask = 2147483647;
			files = (
				91993A15295E234400EAC59B /* ScoreViewController.swift in Sources */,
				CE6561072A73C16E009393FA /* myColors.swift in Sources */,
				911AF7F12953C66300EFF2B6 /* ViewController.swift in Sources */,
				CE87392A2A6EC3FD00EA937D /* PlayerSavedGameTableViewCell.swift in Sources */,
				9124B0AA29645D3E00BA4AEE /* WinnerViewController.swift in Sources */,
				CE6561092A75ADAD009393FA /* Trunfos.swift in Sources */,
				CE89C6352A69D18F0000C5BB /* CoreDataManager.swift in Sources */,
				911AF7ED2953C66300EFF2B6 /* AppDelegate.swift in Sources */,
				91993A19295F619100EAC59B /* HomeViewController.swift in Sources */,
				911AF7EF2953C66300EFF2B6 /* SceneDelegate.swift in Sources */,
				CE89C6322A694DEF0000C5BB /* SaveGameCell.swift in Sources */,
				910654522970AF7700CB6B70 /* CostTableViewCell.swift in Sources */,
				91E2D6AF29562E0800027F90 /* PointsCollectionViewCell.swift in Sources */,
				9124B0AE2968BF7E00BA4AEE /* PlayerScoreField.swift in Sources */,
				CE89C62F2A6940CE0000C5BB /* SavedGamesViewController.swift in Sources */,
				911AF8052953CD6400EFF2B6 /* PointsCell.swift in Sources */,
				9124B0AC2964F04200BA4AEE /* Player.swift in Sources */,
				911AF7F72953C66300EFF2B6 /* SobeDesce.xcdatamodeld in Sources */,
			);
			runOnlyForDeploymentPostprocessing = 0;
		};
/* End PBXSourcesBuildPhase section */

/* Begin PBXVariantGroup section */
		911AF7F22953C66300EFF2B6 /* Main.storyboard */ = {
			isa = PBXVariantGroup;
			children = (
				911AF7F32953C66300EFF2B6 /* Base */,
			);
			name = Main.storyboard;
			sourceTree = "<group>";
		};
		911AF7FA2953C66500EFF2B6 /* LaunchScreen.storyboard */ = {
			isa = PBXVariantGroup;
			children = (
				911AF7FB2953C66500EFF2B6 /* Base */,
			);
			name = LaunchScreen.storyboard;
			sourceTree = "<group>";
		};
/* End PBXVariantGroup section */

/* Begin XCBuildConfiguration section */
		911AF7FE2953C66500EFF2B6 /* Debug */ = {
			isa = XCBuildConfiguration;
			buildSettings = {
				ALWAYS_SEARCH_USER_PATHS = NO;
				CLANG_ANALYZER_NONNULL = YES;
				CLANG_ANALYZER_NUMBER_OBJECT_CONVERSION = YES_AGGRESSIVE;
				CLANG_CXX_LANGUAGE_STANDARD = "gnu++17";
				CLANG_ENABLE_MODULES = YES;
				CLANG_ENABLE_OBJC_ARC = YES;
				CLANG_ENABLE_OBJC_WEAK = YES;
				CLANG_WARN_BLOCK_CAPTURE_AUTORELEASING = YES;
				CLANG_WARN_BOOL_CONVERSION = YES;
				CLANG_WARN_COMMA = YES;
				CLANG_WARN_CONSTANT_CONVERSION = YES;
				CLANG_WARN_DEPRECATED_OBJC_IMPLEMENTATIONS = YES;
				CLANG_WARN_DIRECT_OBJC_ISA_USAGE = YES_ERROR;
				CLANG_WARN_DOCUMENTATION_COMMENTS = YES;
				CLANG_WARN_EMPTY_BODY = YES;
				CLANG_WARN_ENUM_CONVERSION = YES;
				CLANG_WARN_INFINITE_RECURSION = YES;
				CLANG_WARN_INT_CONVERSION = YES;
				CLANG_WARN_NON_LITERAL_NULL_CONVERSION = YES;
				CLANG_WARN_OBJC_IMPLICIT_RETAIN_SELF = YES;
				CLANG_WARN_OBJC_LITERAL_CONVERSION = YES;
				CLANG_WARN_OBJC_ROOT_CLASS = YES_ERROR;
				CLANG_WARN_QUOTED_INCLUDE_IN_FRAMEWORK_HEADER = YES;
				CLANG_WARN_RANGE_LOOP_ANALYSIS = YES;
				CLANG_WARN_STRICT_PROTOTYPES = YES;
				CLANG_WARN_SUSPICIOUS_MOVE = YES;
				CLANG_WARN_UNGUARDED_AVAILABILITY = YES_AGGRESSIVE;
				CLANG_WARN_UNREACHABLE_CODE = YES;
				CLANG_WARN__DUPLICATE_METHOD_MATCH = YES;
				COPY_PHASE_STRIP = NO;
				DEBUG_INFORMATION_FORMAT = dwarf;
				ENABLE_STRICT_OBJC_MSGSEND = YES;
				ENABLE_TESTABILITY = YES;
				GCC_C_LANGUAGE_STANDARD = gnu11;
				GCC_DYNAMIC_NO_PIC = NO;
				GCC_NO_COMMON_BLOCKS = YES;
				GCC_OPTIMIZATION_LEVEL = 0;
				GCC_PREPROCESSOR_DEFINITIONS = (
					"DEBUG=1",
					"$(inherited)",
				);
				GCC_WARN_64_TO_32_BIT_CONVERSION = YES;
				GCC_WARN_ABOUT_RETURN_TYPE = YES_ERROR;
				GCC_WARN_UNDECLARED_SELECTOR = YES;
				GCC_WARN_UNINITIALIZED_AUTOS = YES_AGGRESSIVE;
				GCC_WARN_UNUSED_FUNCTION = YES;
				GCC_WARN_UNUSED_VARIABLE = YES;
				IPHONEOS_DEPLOYMENT_TARGET = 15.5;
				MTL_ENABLE_DEBUG_INFO = INCLUDE_SOURCE;
				MTL_FAST_MATH = YES;
				ONLY_ACTIVE_ARCH = YES;
				SDKROOT = iphoneos;
				SWIFT_ACTIVE_COMPILATION_CONDITIONS = DEBUG;
				SWIFT_OPTIMIZATION_LEVEL = "-Onone";
			};
			name = Debug;
		};
		911AF7FF2953C66500EFF2B6 /* Release */ = {
			isa = XCBuildConfiguration;
			buildSettings = {
				ALWAYS_SEARCH_USER_PATHS = NO;
				CLANG_ANALYZER_NONNULL = YES;
				CLANG_ANALYZER_NUMBER_OBJECT_CONVERSION = YES_AGGRESSIVE;
				CLANG_CXX_LANGUAGE_STANDARD = "gnu++17";
				CLANG_ENABLE_MODULES = YES;
				CLANG_ENABLE_OBJC_ARC = YES;
				CLANG_ENABLE_OBJC_WEAK = YES;
				CLANG_WARN_BLOCK_CAPTURE_AUTORELEASING = YES;
				CLANG_WARN_BOOL_CONVERSION = YES;
				CLANG_WARN_COMMA = YES;
				CLANG_WARN_CONSTANT_CONVERSION = YES;
				CLANG_WARN_DEPRECATED_OBJC_IMPLEMENTATIONS = YES;
				CLANG_WARN_DIRECT_OBJC_ISA_USAGE = YES_ERROR;
				CLANG_WARN_DOCUMENTATION_COMMENTS = YES;
				CLANG_WARN_EMPTY_BODY = YES;
				CLANG_WARN_ENUM_CONVERSION = YES;
				CLANG_WARN_INFINITE_RECURSION = YES;
				CLANG_WARN_INT_CONVERSION = YES;
				CLANG_WARN_NON_LITERAL_NULL_CONVERSION = YES;
				CLANG_WARN_OBJC_IMPLICIT_RETAIN_SELF = YES;
				CLANG_WARN_OBJC_LITERAL_CONVERSION = YES;
				CLANG_WARN_OBJC_ROOT_CLASS = YES_ERROR;
				CLANG_WARN_QUOTED_INCLUDE_IN_FRAMEWORK_HEADER = YES;
				CLANG_WARN_RANGE_LOOP_ANALYSIS = YES;
				CLANG_WARN_STRICT_PROTOTYPES = YES;
				CLANG_WARN_SUSPICIOUS_MOVE = YES;
				CLANG_WARN_UNGUARDED_AVAILABILITY = YES_AGGRESSIVE;
				CLANG_WARN_UNREACHABLE_CODE = YES;
				CLANG_WARN__DUPLICATE_METHOD_MATCH = YES;
				COPY_PHASE_STRIP = NO;
				DEBUG_INFORMATION_FORMAT = "dwarf-with-dsym";
				ENABLE_NS_ASSERTIONS = NO;
				ENABLE_STRICT_OBJC_MSGSEND = YES;
				GCC_C_LANGUAGE_STANDARD = gnu11;
				GCC_NO_COMMON_BLOCKS = YES;
				GCC_WARN_64_TO_32_BIT_CONVERSION = YES;
				GCC_WARN_ABOUT_RETURN_TYPE = YES_ERROR;
				GCC_WARN_UNDECLARED_SELECTOR = YES;
				GCC_WARN_UNINITIALIZED_AUTOS = YES_AGGRESSIVE;
				GCC_WARN_UNUSED_FUNCTION = YES;
				GCC_WARN_UNUSED_VARIABLE = YES;
				IPHONEOS_DEPLOYMENT_TARGET = 15.5;
				MTL_ENABLE_DEBUG_INFO = NO;
				MTL_FAST_MATH = YES;
				SDKROOT = iphoneos;
				SWIFT_COMPILATION_MODE = wholemodule;
				SWIFT_OPTIMIZATION_LEVEL = "-O";
				VALIDATE_PRODUCT = YES;
			};
			name = Release;
		};
		911AF8012953C66500EFF2B6 /* Debug */ = {
			isa = XCBuildConfiguration;
			baseConfigurationReference = B14436411AC06D47D8AF7518 /* Pods-SobeDesce.debug.xcconfig */;
			buildSettings = {
				ASSETCATALOG_COMPILER_APPICON_NAME = AppIcon;
				ASSETCATALOG_COMPILER_GLOBAL_ACCENT_COLOR_NAME = AccentColor;
				CODE_SIGN_STYLE = Automatic;
				CURRENT_PROJECT_VERSION = 1;
				DEVELOPMENT_TEAM = ZJ479P2285;
				GENERATE_INFOPLIST_FILE = YES;
				INFOPLIST_FILE = SobeDesce/Info.plist;
				INFOPLIST_KEY_UIApplicationSupportsIndirectInputEvents = YES;
				INFOPLIST_KEY_UILaunchStoryboardName = LaunchScreen;
				INFOPLIST_KEY_UIMainStoryboardFile = Main;
				INFOPLIST_KEY_UISupportedInterfaceOrientations = UIInterfaceOrientationPortrait;
				IPHONEOS_DEPLOYMENT_TARGET = 15.5;
				LD_RUNPATH_SEARCH_PATHS = (
					"$(inherited)",
					"@executable_path/Frameworks",
				);
				MARKETING_VERSION = 1.0;
				PRODUCT_BUNDLE_IDENTIFIER = com.pauloalmeida.SobeDesce;
				PRODUCT_NAME = "$(TARGET_NAME)";
				SWIFT_EMIT_LOC_STRINGS = YES;
				SWIFT_VERSION = 5.0;
				TARGETED_DEVICE_FAMILY = "1,2";
			};
			name = Debug;
		};
		911AF8022953C66500EFF2B6 /* Release */ = {
			isa = XCBuildConfiguration;
			baseConfigurationReference = 27B3D91ECFC19EE83A58994B /* Pods-SobeDesce.release.xcconfig */;
			buildSettings = {
				ASSETCATALOG_COMPILER_APPICON_NAME = AppIcon;
				ASSETCATALOG_COMPILER_GLOBAL_ACCENT_COLOR_NAME = AccentColor;
				CODE_SIGN_STYLE = Automatic;
				CURRENT_PROJECT_VERSION = 1;
				DEVELOPMENT_TEAM = ZJ479P2285;
				GENERATE_INFOPLIST_FILE = YES;
				INFOPLIST_FILE = SobeDesce/Info.plist;
				INFOPLIST_KEY_UIApplicationSupportsIndirectInputEvents = YES;
				INFOPLIST_KEY_UILaunchStoryboardName = LaunchScreen;
				INFOPLIST_KEY_UIMainStoryboardFile = Main;
				INFOPLIST_KEY_UISupportedInterfaceOrientations = UIInterfaceOrientationPortrait;
				IPHONEOS_DEPLOYMENT_TARGET = 15.5;
				LD_RUNPATH_SEARCH_PATHS = (
					"$(inherited)",
					"@executable_path/Frameworks",
				);
				MARKETING_VERSION = 1.0;
				PRODUCT_BUNDLE_IDENTIFIER = com.pauloalmeida.SobeDesce;
				PRODUCT_NAME = "$(TARGET_NAME)";
				SWIFT_EMIT_LOC_STRINGS = YES;
				SWIFT_VERSION = 5.0;
				TARGETED_DEVICE_FAMILY = "1,2";
			};
			name = Release;
		};
/* End XCBuildConfiguration section */

/* Begin XCConfigurationList section */
		911AF7E42953C66300EFF2B6 /* Build configuration list for PBXProject "SobeDesce" */ = {
			isa = XCConfigurationList;
			buildConfigurations = (
				911AF7FE2953C66500EFF2B6 /* Debug */,
				911AF7FF2953C66500EFF2B6 /* Release */,
			);
			defaultConfigurationIsVisible = 0;
			defaultConfigurationName = Release;
		};
		911AF8002953C66500EFF2B6 /* Build configuration list for PBXNativeTarget "SobeDesce" */ = {
			isa = XCConfigurationList;
			buildConfigurations = (
				911AF8012953C66500EFF2B6 /* Debug */,
				911AF8022953C66500EFF2B6 /* Release */,
			);
			defaultConfigurationIsVisible = 0;
			defaultConfigurationName = Release;
		};
/* End XCConfigurationList section */

/* Begin XCVersionGroup section */
		911AF7F52953C66300EFF2B6 /* SobeDesce.xcdatamodeld */ = {
			isa = XCVersionGroup;
			children = (
				911AF7F62953C66300EFF2B6 /* SobeDesce.xcdatamodel */,
			);
			currentVersion = 911AF7F62953C66300EFF2B6 /* SobeDesce.xcdatamodel */;
			path = SobeDesce.xcdatamodeld;
			sourceTree = "<group>";
			versionGroupType = wrapper.xcdatamodel;
		};
/* End XCVersionGroup section */
	};
	rootObject = 911AF7E12953C66300EFF2B6 /* Project object */;
}
